
Microsoft Visual Studio Solution File, Format Version 12.00
# Visual Studio 15
VisualStudioVersion = 15.0.28307.168
MinimumVisualStudioVersion = 10.0.40219.1
Project("{FAE04EC0-301F-11D3-BF4B-00C04F79EFBC}") = "SSMSTextResultExcelLib", "SSMSTextResultExcelLib\SSMSTextResultExcelLib.csproj", "{B3500B56-7C2B-4C9A-A163-417404AF70EC}"
EndProject
Project("{FAE04EC0-301F-11D3-BF4B-00C04F79EFBC}") = "SSMSTextResultExcel", "SSMSTextResultExcel\SSMSTextResultExcel.csproj", "{8710F504-D79B-4601-98C4-C0D01ACF81B7}"
EndProject
Project("{FAE04EC0-301F-11D3-BF4B-00C04F79EFBC}") = "SSMSTextResultExcelTest", "SSMSTextResultExcelTest\SSMSTextResultExcelTest.csproj", "{59419EF1-334C-468D-813D-F971494B5B1B}"
EndProject
Global
	GlobalSection(SolutionConfigurationPlatforms) = preSolution
		Debug|Any CPU = Debug|Any CPU
		Release|Any CPU = Release|Any CPU
	EndGlobalSection
	GlobalSection(ProjectConfigurationPlatforms) = postSolution
		{B3500B56-7C2B-4C9A-A163-417404AF70EC}.Debug|Any CPU.ActiveCfg = Debug|Any CPU
		{B3500B56-7C2B-4C9A-A163-417404AF70EC}.Debug|Any CPU.Build.0 = Debug|Any CPU
		{B3500B56-7C2B-4C9A-A163-417404AF70EC}.Release|Any CPU.ActiveCfg = Release|Any CPU
		{B3500B56-7C2B-4C9A-A163-417404AF70EC}.Release|Any CPU.Build.0 = Release|Any CPU
		{8710F504-D79B-4601-98C4-C0D01ACF81B7}.Debug|Any CPU.ActiveCfg = Debug|Any CPU
		{8710F504-D79B-4601-98C4-C0D01ACF81B7}.Debug|Any CPU.Build.0 = Debug|Any CPU
		{8710F504-D79B-4601-98C4-C0D01ACF81B7}.Release|Any CPU.ActiveCfg = Release|Any CPU
		{8710F504-D79B-4601-98C4-C0D01ACF81B7}.Release|Any CPU.Build.0 = Release|Any CPU
		{59419EF1-334C-468D-813D-F971494B5B1B}.Debug|Any CPU.ActiveCfg = Debug|Any CPU
		{59419EF1-334C-468D-813D-F971494B5B1B}.Debug|Any CPU.Build.0 = Debug|Any CPU
		{59419EF1-334C-468D-813D-F971494B5B1B}.Release|Any CPU.ActiveCfg = Release|Any CPU
		{59419EF1-334C-468D-813D-F971494B5B1B}.Release|Any CPU.Build.0 = Release|Any CPU
	EndGlobalSection
	GlobalSection(SolutionProperties) = preSolution
		HideSolutionNode = FALSE
	EndGlobalSection
	GlobalSection(ExtensibilityGlobals) = postSolution
		SolutionGuid = {01A8B0AF-F51B-4BB4-A6AE-1612B24BD53B}
	EndGlobalSection
EndGlobal
